
Microsoft Visual Studio Solution File, Format Version 12.00
Project("{FAE04EC0-301F-11D3-BF4B-00C04F79EFBC}") = "Company.FunctionApp", "Company.FunctionApp\Company.FunctionApp.csproj", "{370D97F6-9412-4867-938B-1C2EE02F0C82}"
EndProject
Global
	GlobalSection(SolutionConfigurationPlatforms) = preSolution
		Debug|Any CPU = Debug|Any CPU
		Release|Any CPU = Release|Any CPU
	EndGlobalSection
	GlobalSection(ProjectConfigurationPlatforms) = postSolution
		{370D97F6-9412-4867-938B-1C2EE02F0C82}.Debug|Any CPU.ActiveCfg = Debug|Any CPU
		{370D97F6-9412-4867-938B-1C2EE02F0C82}.Debug|Any CPU.Build.0 = Debug|Any CPU
		{370D97F6-9412-4867-938B-1C2EE02F0C82}.Release|Any CPU.ActiveCfg = Release|Any CPU
		{370D97F6-9412-4867-938B-1C2EE02F0C82}.Release|Any CPU.Build.0 = Release|Any CPU
	EndGlobalSection
EndGlobal
